// !$*UTF8*$!
{
	archiveVersion = 1;
	classes = {
	};
	objectVersion = 46;
	objects = {

/* Begin PBXBuildFile section */
		154919611DD7318B002E16BA /* AppDelegate.swift in Sources */ = {isa = PBXBuildFile; fileRef = 154919601DD7318B002E16BA /* AppDelegate.swift */; };
		154919631DD7318B002E16BA /* SignInVC.swift in Sources */ = {isa = PBXBuildFile; fileRef = 154919621DD7318B002E16BA /* SignInVC.swift */; };
		154919661DD7318B002E16BA /* Main.storyboard in Resources */ = {isa = PBXBuildFile; fileRef = 154919641DD7318B002E16BA /* Main.storyboard */; };
		154919681DD7318B002E16BA /* Assets.xcassets in Resources */ = {isa = PBXBuildFile; fileRef = 154919671DD7318B002E16BA /* Assets.xcassets */; };
		1549196B1DD7318B002E16BA /* LaunchScreen.storyboard in Resources */ = {isa = PBXBuildFile; fileRef = 154919691DD7318B002E16BA /* LaunchScreen.storyboard */; };
		154919731DD73272002E16BA /* GoogleService-Info.plist in Resources */ = {isa = PBXBuildFile; fileRef = 154919721DD73272002E16BA /* GoogleService-Info.plist */; };
		154919781DD762BF002E16BA /* FancyField.swift in Sources */ = {isa = PBXBuildFile; fileRef = 154919771DD762BF002E16BA /* FancyField.swift */; };
		1549197A1DD765ED002E16BA /* FancyView.swift in Sources */ = {isa = PBXBuildFile; fileRef = 154919791DD765ED002E16BA /* FancyView.swift */; };
		1549197C1DD766F5002E16BA /* Constants.swift in Sources */ = {isa = PBXBuildFile; fileRef = 1549197B1DD766F5002E16BA /* Constants.swift */; };
		1549197F1DD76883002E16BA /* RoundBtn.swift in Sources */ = {isa = PBXBuildFile; fileRef = 1549197E1DD76883002E16BA /* RoundBtn.swift */; };
		154919811DD76B79002E16BA /* FancyBtn.swift in Sources */ = {isa = PBXBuildFile; fileRef = 154919801DD76B79002E16BA /* FancyBtn.swift */; };
		1570C0361DD8AC9800B84653 /* PostCell.swift in Sources */ = {isa = PBXBuildFile; fileRef = 1570C0351DD8AC9800B84653 /* PostCell.swift */; };
		1570C0381DD8D5CB00B84653 /* DataService.swift in Sources */ = {isa = PBXBuildFile; fileRef = 1570C0371DD8D5CB00B84653 /* DataService.swift */; };
		18019EC31DD89C9A00F9A0C4 /* FeedVC.swift in Sources */ = {isa = PBXBuildFile; fileRef = 18019EC21DD89C9A00F9A0C4 /* FeedVC.swift */; };
		18019EC51DD8A01A00F9A0C4 /* CircleView.swift in Sources */ = {isa = PBXBuildFile; fileRef = 18019EC41DD8A01A00F9A0C4 /* CircleView.swift */; };
		18019EC71DD8F90E00F9A0C4 /* Post.swift in Sources */ = {isa = PBXBuildFile; fileRef = 18019EC61DD8F90E00F9A0C4 /* Post.swift */; };
		1F42C4066FE2FE95C65C490B /* Pods_Nag_Social.framework in Frameworks */ = {isa = PBXBuildFile; fileRef = F23682A747FAB90D3ABFBB84 /* Pods_Nag_Social.framework */; };
/* End PBXBuildFile section */

/* Begin PBXFileReference section */
		1549195D1DD7318B002E16BA /* Nag Social.app */ = {isa = PBXFileReference; explicitFileType = wrapper.application; includeInIndex = 0; path = "Nag Social.app"; sourceTree = BUILT_PRODUCTS_DIR; };
		154919601DD7318B002E16BA /* AppDelegate.swift */ = {isa = PBXFileReference; lastKnownFileType = sourcecode.swift; path = AppDelegate.swift; sourceTree = "<group>"; };
		154919621DD7318B002E16BA /* SignInVC.swift */ = {isa = PBXFileReference; lastKnownFileType = sourcecode.swift; path = SignInVC.swift; sourceTree = "<group>"; };
		154919651DD7318B002E16BA /* Base */ = {isa = PBXFileReference; lastKnownFileType = file.storyboard; name = Base; path = Base.lproj/Main.storyboard; sourceTree = "<group>"; };
		154919671DD7318B002E16BA /* Assets.xcassets */ = {isa = PBXFileReference; lastKnownFileType = folder.assetcatalog; path = Assets.xcassets; sourceTree = "<group>"; };
		1549196A1DD7318B002E16BA /* Base */ = {isa = PBXFileReference; lastKnownFileType = file.storyboard; name = Base; path = Base.lproj/LaunchScreen.storyboard; sourceTree = "<group>"; };
		1549196C1DD7318B002E16BA /* Info.plist */ = {isa = PBXFileReference; lastKnownFileType = text.plist.xml; path = Info.plist; sourceTree = "<group>"; };
		154919721DD73272002E16BA /* GoogleService-Info.plist */ = {isa = PBXFileReference; fileEncoding = 4; lastKnownFileType = text.plist.xml; path = "GoogleService-Info.plist"; sourceTree = "<group>"; };
		154919771DD762BF002E16BA /* FancyField.swift */ = {isa = PBXFileReference; fileEncoding = 4; lastKnownFileType = sourcecode.swift; path = FancyField.swift; sourceTree = "<group>"; };
		154919791DD765ED002E16BA /* FancyView.swift */ = {isa = PBXFileReference; fileEncoding = 4; lastKnownFileType = sourcecode.swift; path = FancyView.swift; sourceTree = "<group>"; };
		1549197B1DD766F5002E16BA /* Constants.swift */ = {isa = PBXFileReference; fileEncoding = 4; lastKnownFileType = sourcecode.swift; path = Constants.swift; sourceTree = "<group>"; };
		1549197E1DD76883002E16BA /* RoundBtn.swift */ = {isa = PBXFileReference; fileEncoding = 4; lastKnownFileType = sourcecode.swift; path = RoundBtn.swift; sourceTree = "<group>"; };
		154919801DD76B79002E16BA /* FancyBtn.swift */ = {isa = PBXFileReference; fileEncoding = 4; lastKnownFileType = sourcecode.swift; path = FancyBtn.swift; sourceTree = "<group>"; };
		1570C0341DD7A26B00B84653 /* Nag Social.entitlements */ = {isa = PBXFileReference; lastKnownFileType = text.plist.entitlements; path = "Nag Social.entitlements"; sourceTree = "<group>"; };
		1570C0351DD8AC9800B84653 /* PostCell.swift */ = {isa = PBXFileReference; fileEncoding = 4; lastKnownFileType = sourcecode.swift; path = PostCell.swift; sourceTree = "<group>"; };
		1570C0371DD8D5CB00B84653 /* DataService.swift */ = {isa = PBXFileReference; fileEncoding = 4; lastKnownFileType = sourcecode.swift; path = DataService.swift; sourceTree = "<group>"; };
		18019EC21DD89C9A00F9A0C4 /* FeedVC.swift */ = {isa = PBXFileReference; fileEncoding = 4; lastKnownFileType = sourcecode.swift; path = FeedVC.swift; sourceTree = "<group>"; };
		18019EC41DD8A01A00F9A0C4 /* CircleView.swift */ = {isa = PBXFileReference; fileEncoding = 4; lastKnownFileType = sourcecode.swift; path = CircleView.swift; sourceTree = "<group>"; };
		18019EC61DD8F90E00F9A0C4 /* Post.swift */ = {isa = PBXFileReference; fileEncoding = 4; lastKnownFileType = sourcecode.swift; path = Post.swift; sourceTree = "<group>"; };
		590A4B78B76684CF5B9621A9 /* Pods-Nag Social.debug.xcconfig */ = {isa = PBXFileReference; includeInIndex = 1; lastKnownFileType = text.xcconfig; name = "Pods-Nag Social.debug.xcconfig"; path = "Pods/Target Support Files/Pods-Nag Social/Pods-Nag Social.debug.xcconfig"; sourceTree = "<group>"; };
		CC03C075F140361191DD8DC6 /* Pods-Nag Social.release.xcconfig */ = {isa = PBXFileReference; includeInIndex = 1; lastKnownFileType = text.xcconfig; name = "Pods-Nag Social.release.xcconfig"; path = "Pods/Target Support Files/Pods-Nag Social/Pods-Nag Social.release.xcconfig"; sourceTree = "<group>"; };
		F23682A747FAB90D3ABFBB84 /* Pods_Nag_Social.framework */ = {isa = PBXFileReference; explicitFileType = wrapper.framework; includeInIndex = 0; path = Pods_Nag_Social.framework; sourceTree = BUILT_PRODUCTS_DIR; };
/* End PBXFileReference section */

/* Begin PBXFrameworksBuildPhase section */
		1549195A1DD7318B002E16BA /* Frameworks */ = {
			isa = PBXFrameworksBuildPhase;
			buildActionMask = 2147483647;
			files = (
				1F42C4066FE2FE95C65C490B /* Pods_Nag_Social.framework in Frameworks */,
			);
			runOnlyForDeploymentPostprocessing = 0;
		};
/* End PBXFrameworksBuildPhase section */

/* Begin PBXGroup section */
		12CE309DFEA66BD87AB83C0A /* Pods */ = {
			isa = PBXGroup;
			children = (
				590A4B78B76684CF5B9621A9 /* Pods-Nag Social.debug.xcconfig */,
				CC03C075F140361191DD8DC6 /* Pods-Nag Social.release.xcconfig */,
			);
			name = Pods;
			sourceTree = "<group>";
		};
		154919541DD7318B002E16BA = {
			isa = PBXGroup;
			children = (
				1549195F1DD7318B002E16BA /* Nag Social */,
				1549195E1DD7318B002E16BA /* Products */,
				12CE309DFEA66BD87AB83C0A /* Pods */,
				EA08601C2A9855421167FDE6 /* Frameworks */,
			);
			sourceTree = "<group>";
		};
		1549195E1DD7318B002E16BA /* Products */ = {
			isa = PBXGroup;
			children = (
				1549195D1DD7318B002E16BA /* Nag Social.app */,
			);
			name = Products;
			sourceTree = "<group>";
		};
		1549195F1DD7318B002E16BA /* Nag Social */ = {
			isa = PBXGroup;
			children = (
				1570C0341DD7A26B00B84653 /* Nag Social.entitlements */,
				1570C0391DD8D5D200B84653 /* Services */,
				1549197D1DD766FB002E16BA /* Utils */,
				154919741DD735FB002E16BA /* Model */,
				154919751DD735FF002E16BA /* View */,
				154919761DD73603002E16BA /* Controller */,
				154919601DD7318B002E16BA /* AppDelegate.swift */,
				154919641DD7318B002E16BA /* Main.storyboard */,
				154919671DD7318B002E16BA /* Assets.xcassets */,
				154919691DD7318B002E16BA /* LaunchScreen.storyboard */,
				154919721DD73272002E16BA /* GoogleService-Info.plist */,
				1549196C1DD7318B002E16BA /* Info.plist */,
			);
			path = "Nag Social";
			sourceTree = "<group>";
		};
		154919741DD735FB002E16BA /* Model */ = {
			isa = PBXGroup;
			children = (
				18019EC61DD8F90E00F9A0C4 /* Post.swift */,
			);
			name = Model;
			sourceTree = "<group>";
		};
		154919751DD735FF002E16BA /* View */ = {
			isa = PBXGroup;
			children = (
				154919791DD765ED002E16BA /* FancyView.swift */,
				1549197E1DD76883002E16BA /* RoundBtn.swift */,
				154919771DD762BF002E16BA /* FancyField.swift */,
				154919801DD76B79002E16BA /* FancyBtn.swift */,
				18019EC41DD8A01A00F9A0C4 /* CircleView.swift */,
				1570C0351DD8AC9800B84653 /* PostCell.swift */,
			);
			name = View;
			sourceTree = "<group>";
		};
		154919761DD73603002E16BA /* Controller */ = {
			isa = PBXGroup;
			children = (
				154919621DD7318B002E16BA /* SignInVC.swift */,
				18019EC21DD89C9A00F9A0C4 /* FeedVC.swift */,
			);
			name = Controller;
			sourceTree = "<group>";
		};
		1549197D1DD766FB002E16BA /* Utils */ = {
			isa = PBXGroup;
			children = (
				1549197B1DD766F5002E16BA /* Constants.swift */,
			);
			name = Utils;
			sourceTree = "<group>";
		};
		1570C0391DD8D5D200B84653 /* Services */ = {
			isa = PBXGroup;
			children = (
				1570C0371DD8D5CB00B84653 /* DataService.swift */,
			);
			name = Services;
			sourceTree = "<group>";
		};
		EA08601C2A9855421167FDE6 /* Frameworks */ = {
			isa = PBXGroup;
			children = (
				F23682A747FAB90D3ABFBB84 /* Pods_Nag_Social.framework */,
			);
			name = Frameworks;
			sourceTree = "<group>";
		};
/* End PBXGroup section */

/* Begin PBXNativeTarget section */
		1549195C1DD7318B002E16BA /* Nag Social */ = {
			isa = PBXNativeTarget;
			buildConfigurationList = 1549196F1DD7318B002E16BA /* Build configuration list for PBXNativeTarget "Nag Social" */;
			buildPhases = (
				9E98BAFA14DD3E7EBA66EB22 /* [CP] Check Pods Manifest.lock */,
				154919591DD7318B002E16BA /* Sources */,
				1549195A1DD7318B002E16BA /* Frameworks */,
				1549195B1DD7318B002E16BA /* Resources */,
				3B790F357EEB05CE499CFF1A /* [CP] Embed Pods Frameworks */,
				55FEBAA2AC89A37F21B4D10E /* [CP] Copy Pods Resources */,
			);
			buildRules = (
			);
			dependencies = (
			);
			name = "Nag Social";
			productName = "Nag Social";
			productReference = 1549195D1DD7318B002E16BA /* Nag Social.app */;
			productType = "com.apple.product-type.application";
		};
/* End PBXNativeTarget section */

/* Begin PBXProject section */
		154919551DD7318B002E16BA /* Project object */ = {
			isa = PBXProject;
			attributes = {
				LastSwiftUpdateCheck = 0810;
				LastUpgradeCheck = 0810;
				ORGANIZATIONNAME = "Anton Novoselov";
				TargetAttributes = {
					1549195C1DD7318B002E16BA = {
						CreatedOnToolsVersion = 8.1;
						DevelopmentTeam = 358V8FBM3U;
						ProvisioningStyle = Automatic;
						SystemCapabilities = {
							com.apple.Keychain = {
								enabled = 1;
							};
						};
					};
				};
			};
			buildConfigurationList = 154919581DD7318B002E16BA /* Build configuration list for PBXProject "Nag Social" */;
			compatibilityVersion = "Xcode 3.2";
			developmentRegion = English;
			hasScannedForEncodings = 0;
			knownRegions = (
				en,
				Base,
			);
			mainGroup = 154919541DD7318B002E16BA;
			productRefGroup = 1549195E1DD7318B002E16BA /* Products */;
			projectDirPath = "";
			projectRoot = "";
			targets = (
				1549195C1DD7318B002E16BA /* Nag Social */,
			);
		};
/* End PBXProject section */

/* Begin PBXResourcesBuildPhase section */
		1549195B1DD7318B002E16BA /* Resources */ = {
			isa = PBXResourcesBuildPhase;
			buildActionMask = 2147483647;
			files = (
				1549196B1DD7318B002E16BA /* LaunchScreen.storyboard in Resources */,
				154919731DD73272002E16BA /* GoogleService-Info.plist in Resources */,
				154919681DD7318B002E16BA /* Assets.xcassets in Resources */,
				154919661DD7318B002E16BA /* Main.storyboard in Resources */,
			);
			runOnlyForDeploymentPostprocessing = 0;
		};
/* End PBXResourcesBuildPhase section */

/* Begin PBXShellScriptBuildPhase section */
		3B790F357EEB05CE499CFF1A /* [CP] Embed Pods Frameworks */ = {
			isa = PBXShellScriptBuildPhase;
			buildActionMask = 2147483647;
			files = (
			);
			inputPaths = (
			);
			name = "[CP] Embed Pods Frameworks";
			outputPaths = (
			);
			runOnlyForDeploymentPostprocessing = 0;
			shellPath = /bin/sh;
			shellScript = "\"${SRCROOT}/Pods/Target Support Files/Pods-Nag Social/Pods-Nag Social-frameworks.sh\"\n";
			showEnvVarsInLog = 0;
		};
		55FEBAA2AC89A37F21B4D10E /* [CP] Copy Pods Resources */ = {
			isa = PBXShellScriptBuildPhase;
			buildActionMask = 2147483647;
			files = (
			);
			inputPaths = (
			);
			name = "[CP] Copy Pods Resources";
			outputPaths = (
			);
			runOnlyForDeploymentPostprocessing = 0;
			shellPath = /bin/sh;
			shellScript = "\"${SRCROOT}/Pods/Target Support Files/Pods-Nag Social/Pods-Nag Social-resources.sh\"\n";
			showEnvVarsInLog = 0;
		};
		9E98BAFA14DD3E7EBA66EB22 /* [CP] Check Pods Manifest.lock */ = {
			isa = PBXShellScriptBuildPhase;
			buildActionMask = 2147483647;
			files = (
			);
			inputPaths = (
			);
			name = "[CP] Check Pods Manifest.lock";
			outputPaths = (
			);
			runOnlyForDeploymentPostprocessing = 0;
			shellPath = /bin/sh;
			shellScript = "diff \"${PODS_ROOT}/../Podfile.lock\" \"${PODS_ROOT}/Manifest.lock\" > /dev/null\nif [ $? != 0 ] ; then\n    # print error to STDERR\n    echo \"error: The sandbox is not in sync with the Podfile.lock. Run 'pod install' or update your CocoaPods installation.\" >&2\n    exit 1\nfi\n";
			showEnvVarsInLog = 0;
		};
/* End PBXShellScriptBuildPhase section */

/* Begin PBXSourcesBuildPhase section */
		154919591DD7318B002E16BA /* Sources */ = {
			isa = PBXSourcesBuildPhase;
			buildActionMask = 2147483647;
			files = (
				18019EC51DD8A01A00F9A0C4 /* CircleView.swift in Sources */,
				1549197F1DD76883002E16BA /* RoundBtn.swift in Sources */,
				1549197C1DD766F5002E16BA /* Constants.swift in Sources */,
				18019EC71DD8F90E00F9A0C4 /* Post.swift in Sources */,
				154919781DD762BF002E16BA /* FancyField.swift in Sources */,
				154919631DD7318B002E16BA /* SignInVC.swift in Sources */,
				1570C0381DD8D5CB00B84653 /* DataService.swift in Sources */,
				18019EC31DD89C9A00F9A0C4 /* FeedVC.swift in Sources */,
				1549197A1DD765ED002E16BA /* FancyView.swift in Sources */,
				154919611DD7318B002E16BA /* AppDelegate.swift in Sources */,
				154919811DD76B79002E16BA /* FancyBtn.swift in Sources */,
				1570C0361DD8AC9800B84653 /* PostCell.swift in Sources */,
			);
			runOnlyForDeploymentPostprocessing = 0;
		};
/* End PBXSourcesBuildPhase section */

/* Begin PBXVariantGroup section */
		154919641DD7318B002E16BA /* Main.storyboard */ = {
			isa = PBXVariantGroup;
			children = (
				154919651DD7318B002E16BA /* Base */,
			);
			name = Main.storyboard;
			sourceTree = "<group>";
		};
		154919691DD7318B002E16BA /* LaunchScreen.storyboard */ = {
			isa = PBXVariantGroup;
			children = (
				1549196A1DD7318B002E16BA /* Base */,
			);
			name = LaunchScreen.storyboard;
			sourceTree = "<group>";
		};
/* End PBXVariantGroup section */

/* Begin XCBuildConfiguration section */
		1549196D1DD7318B002E16BA /* Debug */ = {
			isa = XCBuildConfiguration;
			buildSettings = {
				ALWAYS_SEARCH_USER_PATHS = NO;
				CLANG_ANALYZER_NONNULL = YES;
				CLANG_CXX_LANGUAGE_STANDARD = "gnu++0x";
				CLANG_CXX_LIBRARY = "libc++";
				CLANG_ENABLE_MODULES = YES;
				CLANG_ENABLE_OBJC_ARC = YES;
				CLANG_WARN_BOOL_CONVERSION = YES;
				CLANG_WARN_CONSTANT_CONVERSION = YES;
				CLANG_WARN_DIRECT_OBJC_ISA_USAGE = YES_ERROR;
				CLANG_WARN_DOCUMENTATION_COMMENTS = YES;
				CLANG_WARN_EMPTY_BODY = YES;
				CLANG_WARN_ENUM_CONVERSION = YES;
				CLANG_WARN_INFINITE_RECURSION = YES;
				CLANG_WARN_INT_CONVERSION = YES;
				CLANG_WARN_OBJC_ROOT_CLASS = YES_ERROR;
				CLANG_WARN_SUSPICIOUS_MOVES = YES;
				CLANG_WARN_UNREACHABLE_CODE = YES;
				CLANG_WARN__DUPLICATE_METHOD_MATCH = YES;
				"CODE_SIGN_IDENTITY[sdk=iphoneos*]" = "iPhone Developer";
				COPY_PHASE_STRIP = NO;
				DEBUG_INFORMATION_FORMAT = dwarf;
				ENABLE_STRICT_OBJC_MSGSEND = YES;
				ENABLE_TESTABILITY = YES;
				GCC_C_LANGUAGE_STANDARD = gnu99;
				GCC_DYNAMIC_NO_PIC = NO;
				GCC_NO_COMMON_BLOCKS = YES;
				GCC_OPTIMIZATION_LEVEL = 0;
				GCC_PREPROCESSOR_DEFINITIONS = (
					"DEBUG=1",
					"$(inherited)",
				);
				GCC_WARN_64_TO_32_BIT_CONVERSION = YES;
				GCC_WARN_ABOUT_RETURN_TYPE = YES_ERROR;
				GCC_WARN_UNDECLARED_SELECTOR = YES;
				GCC_WARN_UNINITIALIZED_AUTOS = YES_AGGRESSIVE;
				GCC_WARN_UNUSED_FUNCTION = YES;
				GCC_WARN_UNUSED_VARIABLE = YES;
				IPHONEOS_DEPLOYMENT_TARGET = 10.1;
				MTL_ENABLE_DEBUG_INFO = YES;
				ONLY_ACTIVE_ARCH = YES;
				SDKROOT = iphoneos;
				SWIFT_ACTIVE_COMPILATION_CONDITIONS = DEBUG;
				SWIFT_OPTIMIZATION_LEVEL = "-Onone";
				TARGETED_DEVICE_FAMILY = "1,2";
			};
			name = Debug;
		};
		1549196E1DD7318B002E16BA /* Release */ = {
			isa = XCBuildConfiguration;
			buildSettings = {
				ALWAYS_SEARCH_USER_PATHS = NO;
				CLANG_ANALYZER_NONNULL = YES;
				CLANG_CXX_LANGUAGE_STANDARD = "gnu++0x";
				CLANG_CXX_LIBRARY = "libc++";
				CLANG_ENABLE_MODULES = YES;
				CLANG_ENABLE_OBJC_ARC = YES;
				CLANG_WARN_BOOL_CONVERSION = YES;
				CLANG_WARN_CONSTANT_CONVERSION = YES;
				CLANG_WARN_DIRECT_OBJC_ISA_USAGE = YES_ERROR;
				CLANG_WARN_DOCUMENTATION_COMMENTS = YES;
				CLANG_WARN_EMPTY_BODY = YES;
				CLANG_WARN_ENUM_CONVERSION = YES;
				CLANG_WARN_INFINITE_RECURSION = YES;
				CLANG_WARN_INT_CONVERSION = YES;
				CLANG_WARN_OBJC_ROOT_CLASS = YES_ERROR;
				CLANG_WARN_SUSPICIOUS_MOVES = YES;
				CLANG_WARN_UNREACHABLE_CODE = YES;
				CLANG_WARN__DUPLICATE_METHOD_MATCH = YES;
				"CODE_SIGN_IDENTITY[sdk=iphoneos*]" = "iPhone Developer";
				COPY_PHASE_STRIP = NO;
				DEBUG_INFORMATION_FORMAT = "dwarf-with-dsym";
				ENABLE_NS_ASSERTIONS = NO;
				ENABLE_STRICT_OBJC_MSGSEND = YES;
				GCC_C_LANGUAGE_STANDARD = gnu99;
				GCC_NO_COMMON_BLOCKS = YES;
				GCC_WARN_64_TO_32_BIT_CONVERSION = YES;
				GCC_WARN_ABOUT_RETURN_TYPE = YES_ERROR;
				GCC_WARN_UNDECLARED_SELECTOR = YES;
				GCC_WARN_UNINITIALIZED_AUTOS = YES_AGGRESSIVE;
				GCC_WARN_UNUSED_FUNCTION = YES;
				GCC_WARN_UNUSED_VARIABLE = YES;
				IPHONEOS_DEPLOYMENT_TARGET = 10.1;
				MTL_ENABLE_DEBUG_INFO = NO;
				SDKROOT = iphoneos;
				SWIFT_OPTIMIZATION_LEVEL = "-Owholemodule";
				TARGETED_DEVICE_FAMILY = "1,2";
				VALIDATE_PRODUCT = YES;
			};
			name = Release;
		};
		154919701DD7318B002E16BA /* Debug */ = {
			isa = XCBuildConfiguration;
			baseConfigurationReference = 590A4B78B76684CF5B9621A9 /* Pods-Nag Social.debug.xcconfig */;
			buildSettings = {
				ASSETCATALOG_COMPILER_APPICON_NAME = AppIcon;
				CODE_SIGN_ENTITLEMENTS = "Nag Social/Nag Social.entitlements";
				DEVELOPMENT_TEAM = 358V8FBM3U;
				INFOPLIST_FILE = "Nag Social/Info.plist";
				LD_RUNPATH_SEARCH_PATHS = "$(inherited) @executable_path/Frameworks";
				PRODUCT_BUNDLE_IDENTIFIER = "com.antonnovoselov.Nag-Social";
				PRODUCT_NAME = "$(TARGET_NAME)";
				SWIFT_VERSION = 3.0;
			};
			name = Debug;
		};
		154919711DD7318B002E16BA /* Release */ = {
			isa = XCBuildConfiguration;
			baseConfigurationReference = CC03C075F140361191DD8DC6 /* Pods-Nag Social.release.xcconfig */;
			buildSettings = {
				ASSETCATALOG_COMPILER_APPICON_NAME = AppIcon;
				CODE_SIGN_ENTITLEMENTS = "Nag Social/Nag Social.entitlements";
				DEVELOPMENT_TEAM = 358V8FBM3U;
				INFOPLIST_FILE = "Nag Social/Info.plist";
				LD_RUNPATH_SEARCH_PATHS = "$(inherited) @executable_path/Frameworks";
				PRODUCT_BUNDLE_IDENTIFIER = "com.antonnovoselov.Nag-Social";
				PRODUCT_NAME = "$(TARGET_NAME)";
				SWIFT_VERSION = 3.0;
			};
			name = Release;
		};
/* End XCBuildConfiguration section */

/* Begin XCConfigurationList section */
		154919581DD7318B002E16BA /* Build configuration list for PBXProject "Nag Social" */ = {
			isa = XCConfigurationList;
			buildConfigurations = (
				1549196D1DD7318B002E16BA /* Debug */,
				1549196E1DD7318B002E16BA /* Release */,
			);
			defaultConfigurationIsVisible = 0;
			defaultConfigurationName = Release;
		};
		1549196F1DD7318B002E16BA /* Build configuration list for PBXNativeTarget "Nag Social" */ = {
			isa = XCConfigurationList;
			buildConfigurations = (
				154919701DD7318B002E16BA /* Debug */,
				154919711DD7318B002E16BA /* Release */,
			);
			defaultConfigurationIsVisible = 0;
			defaultConfigurationName = Release;
		};
/* End XCConfigurationList section */
	};
	rootObject = 154919551DD7318B002E16BA /* Project object */;
}
